
Microsoft Visual Studio Solution File, Format Version 12.00
# Visual Studio Version 17
VisualStudioVersion = 17.0.31903.59
MinimumVisualStudioVersion = 10.0.40219.1
Project("{FAE04EC0-301F-11D3-BF4B-00C04F79EFBC}") = "API", "API\API.csproj", "{2FA7FB45-C3DA-41C2-A3CB-FC57DB59256A}"
EndProject
Project("{FAE04EC0-301F-11D3-BF4B-00C04F79EFBC}") = "Infraestructure", "Infraestructure\Infraestructure.csproj", "{0F5C7A29-5461-43ED-80D8-1BF76C38EA6C}"
EndProject
Project("{FAE04EC0-301F-11D3-BF4B-00C04F79EFBC}") = "Core", "Core\Core.csproj", "{FADA9EBB-5EBB-411C-86E8-0E66D77F3836}"
EndProject
Global
	GlobalSection(SolutionConfigurationPlatforms) = preSolution
		Debug|Any CPU = Debug|Any CPU
		Release|Any CPU = Release|Any CPU
	EndGlobalSection
	GlobalSection(SolutionProperties) = preSolution
		HideSolutionNode = FALSE
	EndGlobalSection
	GlobalSection(ProjectConfigurationPlatforms) = postSolution
		{2FA7FB45-C3DA-41C2-A3CB-FC57DB59256A}.Debug|Any CPU.ActiveCfg = Debug|Any CPU
		{2FA7FB45-C3DA-41C2-A3CB-FC57DB59256A}.Debug|Any CPU.Build.0 = Debug|Any CPU
		{2FA7FB45-C3DA-41C2-A3CB-FC57DB59256A}.Release|Any CPU.ActiveCfg = Release|Any CPU
		{2FA7FB45-C3DA-41C2-A3CB-FC57DB59256A}.Release|Any CPU.Build.0 = Release|Any CPU
		{0F5C7A29-5461-43ED-80D8-1BF76C38EA6C}.Debug|Any CPU.ActiveCfg = Debug|Any CPU
		{0F5C7A29-5461-43ED-80D8-1BF76C38EA6C}.Debug|Any CPU.Build.0 = Debug|Any CPU
		{0F5C7A29-5461-43ED-80D8-1BF76C38EA6C}.Release|Any CPU.ActiveCfg = Release|Any CPU
		{0F5C7A29-5461-43ED-80D8-1BF76C38EA6C}.Release|Any CPU.Build.0 = Release|Any CPU
		{FADA9EBB-5EBB-411C-86E8-0E66D77F3836}.Debug|Any CPU.ActiveCfg = Debug|Any CPU
		{FADA9EBB-5EBB-411C-86E8-0E66D77F3836}.Debug|Any CPU.Build.0 = Debug|Any CPU
		{FADA9EBB-5EBB-411C-86E8-0E66D77F3836}.Release|Any CPU.ActiveCfg = Release|Any CPU
		{FADA9EBB-5EBB-411C-86E8-0E66D77F3836}.Release|Any CPU.Build.0 = Release|Any CPU
	EndGlobalSection
EndGlobal
